// !$*UTF8*$!
{
	archiveVersion = 1;
	classes = {
	};
	objectVersion = 46;
	objects = {

/* Begin PBXBuildFile section */
		1D855ABB26F103C3AE8A17B2 /* ClassBase.m in Sources */ = {isa = PBXBuildFile; fileRef = 1D855CBEE62B6ED890671127 /* ClassBase.m */; };
		1D855E5661E18AE2B448DD26 /* main.m in Sources */ = {isa = PBXBuildFile; fileRef = 1D855D4733817DE60B1216A4 /* main.m */; };
/* End PBXBuildFile section */

/* Begin PBXCopyFilesBuildPhase section */
		1D855C02470FA828D1BF356D /* CopyFiles */ = {
			isa = PBXCopyFilesBuildPhase;
			buildActionMask = 2147483647;
			dstPath = /usr/share/man/man1/;
			dstSubfolderSpec = 0;
			files = (
			);
			runOnlyForDeploymentPostprocessing = 1;
		};
/* End PBXCopyFilesBuildPhase section */

/* Begin PBXFileReference section */
		1D85532505547C9EB1E57E45 /* log.txt */ = {isa = PBXFileReference; fileEncoding = 4; lastKnownFileType = text; path = log.txt; sourceTree = "<group>"; };
		1D85554668F81163E6E7C785 /* Calculator.h */ = {isa = PBXFileReference; fileEncoding = 4; lastKnownFileType = sourcecode.c.h; path = Calculator.h; sourceTree = "<group>"; };
		1D85558991D1929F08C0984F /* startoc */ = {isa = PBXFileReference; explicitFileType = "compiled.mach-o.executable"; includeInIndex = 0; path = startoc; sourceTree = BUILT_PRODUCTS_DIR; };
		1D8557227F6169F23D9CF9E3 /* ClassBase.h */ = {isa = PBXFileReference; fileEncoding = 4; lastKnownFileType = sourcecode.c.h; path = ClassBase.h; sourceTree = "<group>"; };
		1D855CBEE62B6ED890671127 /* ClassBase.m */ = {isa = PBXFileReference; fileEncoding = 4; lastKnownFileType = sourcecode.c.objc; path = ClassBase.m; sourceTree = "<group>"; };
		1D855D4733817DE60B1216A4 /* main.m */ = {isa = PBXFileReference; lastKnownFileType = sourcecode.c.objc; path = main.m; sourceTree = "<group>"; };
		1D855D791657F33B45A1FFB1 /* .gitignore */ = {isa = PBXFileReference; lastKnownFileType = file.gitignore; path = .gitignore; sourceTree = "<group>"; };
		1D855F0E1B31F180D83ADEEB /* Fraction.h */ = {isa = PBXFileReference; fileEncoding = 4; lastKnownFileType = sourcecode.c.h; path = Fraction.h; sourceTree = "<group>"; };
/* End PBXFileReference section */

/* Begin PBXFrameworksBuildPhase section */
		1D8554BC2D30689F510BC7D2 /* Frameworks */ = {
			isa = PBXFrameworksBuildPhase;
			buildActionMask = 2147483647;
			files = (
			);
			runOnlyForDeploymentPostprocessing = 0;
		};
/* End PBXFrameworksBuildPhase section */

/* Begin PBXGroup section */
		1D8558DE7A1BAF8840A95C49 = {
			isa = PBXGroup;
			children = (
				1D85594C2402529EBF3C8C4B /* Products */,
				1D855A81D78399D97668129C /* startoc */,
				1D85532505547C9EB1E57E45 /* log.txt */,
				1D855D791657F33B45A1FFB1 /* .gitignore */,
			);
			sourceTree = "<group>";
		};
		1D85594C2402529EBF3C8C4B /* Products */ = {
			isa = PBXGroup;
			children = (
				1D85558991D1929F08C0984F /* startoc */,
			);
			name = Products;
			sourceTree = "<group>";
		};
		1D855A81D78399D97668129C /* startoc */ = {
			isa = PBXGroup;
			children = (
				1D855D4733817DE60B1216A4 /* main.m */,
				1D855F0E1B31F180D83ADEEB /* Fraction.h */,
				1D85554668F81163E6E7C785 /* Calculator.h */,
				1D855CBEE62B6ED890671127 /* ClassBase.m */,
				1D8557227F6169F23D9CF9E3 /* ClassBase.h */,
			);
			path = startoc;
			sourceTree = "<group>";
		};
/* End PBXGroup section */

/* Begin PBXNativeTarget section */
		1D85588AAB35BA49ECA96E26 /* startoc */ = {
			isa = PBXNativeTarget;
			buildConfigurationList = 1D8555AEF8F03C0E47A535C3 /* Build configuration list for PBXNativeTarget "startoc" */;
			buildPhases = (
				1D855C089BD28A84AA84D6BC /* Sources */,
				1D8554BC2D30689F510BC7D2 /* Frameworks */,
				1D855C02470FA828D1BF356D /* CopyFiles */,
			);
			buildRules = (
			);
			dependencies = (
			);
			name = startoc;
			productName = startoc;
			productReference = 1D85558991D1929F08C0984F /* startoc */;
			productType = "com.apple.product-type.tool";
		};
/* End PBXNativeTarget section */

/* Begin PBXProject section */
		1D8559968A869C0D9C2A092B /* Project object */ = {
			isa = PBXProject;
			attributes = {
				ORGANIZATIONNAME = apkfuns;
			};
			buildConfigurationList = 1D855E845B1B68134EC0BCC2 /* Build configuration list for PBXProject "startoc" */;
			compatibilityVersion = "Xcode 3.2";
			developmentRegion = English;
			hasScannedForEncodings = 0;
			knownRegions = (
				en,
			);
			mainGroup = 1D8558DE7A1BAF8840A95C49;
			productRefGroup = 1D85594C2402529EBF3C8C4B /* Products */;
			projectDirPath = "";
			projectRoot = "";
			targets = (
				1D85588AAB35BA49ECA96E26 /* startoc */,
			);
		};
/* End PBXProject section */

/* Begin PBXSourcesBuildPhase section */
		1D855C089BD28A84AA84D6BC /* Sources */ = {
			isa = PBXSourcesBuildPhase;
			buildActionMask = 2147483647;
			files = (
				1D855E5661E18AE2B448DD26 /* main.m in Sources */,
				1D855ABB26F103C3AE8A17B2 /* ClassBase.m in Sources */,
			);
			runOnlyForDeploymentPostprocessing = 0;
		};
/* End PBXSourcesBuildPhase section */

/* Begin XCBuildConfiguration section */
		1D8555573D3255836582B5AB /* Release */ = {
			isa = XCBuildConfiguration;
			buildSettings = {
				PRODUCT_NAME = "$(TARGET_NAME)";
			};
			name = Release;
		};
		1D8558C4F4A610C95FF1DF00 /* Debug */ = {
			isa = XCBuildConfiguration;
			buildSettings = {
				ALWAYS_SEARCH_USER_PATHS = NO;
				CLANG_ANALYZER_NONNULL = YES;
				CLANG_ANALYZER_NUMBER_OBJECT_CONVERSION = YES_AGGRESSIVE;
				CLANG_CXX_LANGUAGE_STANDARD = "gnu++0x";
				CLANG_CXX_LIBRARY = "libc++";
				CLANG_ENABLE_MODULES = YES;
				CLANG_ENABLE_OBJC_ARC = YES;
				CLANG_WARN_BOOL_CONVERSION = YES;
				CLANG_WARN_CONSTANT_CONVERSION = YES;
				CLANG_WARN_DIRECT_OBJC_ISA_USAGE = YES_ERROR;
				CLANG_WARN_DOCUMENTATION_COMMENTS = YES;
				CLANG_WARN_EMPTY_BODY = YES;
				CLANG_WARN_ENUM_CONVERSION = YES;
				CLANG_WARN_INFINITE_RECURSION = YES;
				CLANG_WARN_INT_CONVERSION = YES;
				CLANG_WARN_OBJC_ROOT_CLASS = YES_ERROR;
				CLANG_WARN_SUSPICIOUS_MOVE = YES;
				CLANG_WARN_UNREACHABLE_CODE = YES;
				CLANG_WARN__DUPLICATE_METHOD_MATCH = YES;
				CODE_SIGN_IDENTITY = "-";
				COPY_PHASE_STRIP = NO;
				DEBUG_INFORMATION_FORMAT = dwarf;
				ENABLE_STRICT_OBJC_MSGSEND = YES;
				ENABLE_TESTABILITY = YES;
				GCC_C_LANGUAGE_STANDARD = gnu99;
				GCC_DYNAMIC_NO_PIC = NO;
				GCC_NO_COMMON_BLOCKS = YES;
				GCC_OPTIMIZATION_LEVEL = 0;
				GCC_PREPROCESSOR_DEFINITIONS = (
					"DEBUG=1",
					"$(inherited)",
				);
				GCC_WARN_64_TO_32_BIT_CONVERSION = YES;
				GCC_WARN_ABOUT_RETURN_TYPE = YES_ERROR;
				GCC_WARN_UNDECLARED_SELECTOR = YES;
				GCC_WARN_UNINITIALIZED_AUTOS = YES_AGGRESSIVE;
				GCC_WARN_UNUSED_FUNCTION = YES;
				GCC_WARN_UNUSED_VARIABLE = YES;
				MACOSX_DEPLOYMENT_TARGET = 10.12;
				MTL_ENABLE_DEBUG_INFO = YES;
				ONLY_ACTIVE_ARCH = YES;
				SDKROOT = macosx;
			};
			name = Debug;
		};
		1D8558D479861EF2EFE1ED78 /* Release */ = {
			isa = XCBuildConfiguration;
			buildSettings = {
				ALWAYS_SEARCH_USER_PATHS = NO;
				CLANG_ANALYZER_NONNULL = YES;
				CLANG_ANALYZER_NUMBER_OBJECT_CONVERSION = YES_AGGRESSIVE;
				CLANG_CXX_LANGUAGE_STANDARD = "gnu++0x";
				CLANG_CXX_LIBRARY = "libc++";
				CLANG_ENABLE_MODULES = YES;
				CLANG_ENABLE_OBJC_ARC = YES;
				CLANG_WARN_BOOL_CONVERSION = YES;
				CLANG_WARN_CONSTANT_CONVERSION = YES;
				CLANG_WARN_DIRECT_OBJC_ISA_USAGE = YES_ERROR;
				CLANG_WARN_DOCUMENTATION_COMMENTS = YES;
				CLANG_WARN_EMPTY_BODY = YES;
				CLANG_WARN_ENUM_CONVERSION = YES;
				CLANG_WARN_INFINITE_RECURSION = YES;
				CLANG_WARN_INT_CONVERSION = YES;
				CLANG_WARN_OBJC_ROOT_CLASS = YES_ERROR;
				CLANG_WARN_SUSPICIOUS_MOVE = YES;
				CLANG_WARN_UNREACHABLE_CODE = YES;
				CLANG_WARN__DUPLICATE_METHOD_MATCH = YES;
				CODE_SIGN_IDENTITY = "-";
				COPY_PHASE_STRIP = NO;
				DEBUG_INFORMATION_FORMAT = "dwarf-with-dsym";
				ENABLE_NS_ASSERTIONS = NO;
				ENABLE_STRICT_OBJC_MSGSEND = YES;
				GCC_C_LANGUAGE_STANDARD = gnu99;
				GCC_NO_COMMON_BLOCKS = YES;
				GCC_WARN_64_TO_32_BIT_CONVERSION = YES;
				GCC_WARN_ABOUT_RETURN_TYPE = YES_ERROR;
				GCC_WARN_UNDECLARED_SELECTOR = YES;
				GCC_WARN_UNINITIALIZED_AUTOS = YES_AGGRESSIVE;
				GCC_WARN_UNUSED_FUNCTION = YES;
				GCC_WARN_UNUSED_VARIABLE = YES;
				MACOSX_DEPLOYMENT_TARGET = 10.12;
				MTL_ENABLE_DEBUG_INFO = NO;
				SDKROOT = macosx;
			};
			name = Release;
		};
		1D855D8754B3DF2241513561 /* Debug */ = {
			isa = XCBuildConfiguration;
			buildSettings = {
				PRODUCT_NAME = "$(TARGET_NAME)";
			};
			name = Debug;
		};
/* End XCBuildConfiguration section */

/* Begin XCConfigurationList section */
		1D8555AEF8F03C0E47A535C3 /* Build configuration list for PBXNativeTarget "startoc" */ = {
			isa = XCConfigurationList;
			buildConfigurations = (
				1D855D8754B3DF2241513561 /* Debug */,
				1D8555573D3255836582B5AB /* Release */,
			);
			defaultConfigurationIsVisible = 0;
		};
		1D855E845B1B68134EC0BCC2 /* Build configuration list for PBXProject "startoc" */ = {
			isa = XCConfigurationList;
			buildConfigurations = (
				1D8558C4F4A610C95FF1DF00 /* Debug */,
				1D8558D479861EF2EFE1ED78 /* Release */,
			);
			defaultConfigurationIsVisible = 0;
			defaultConfigurationName = Release;
		};
/* End XCConfigurationList section */
	};
	rootObject = 1D8559968A869C0D9C2A092B /* Project object */;
}
